
Microsoft Visual Studio Solution File, Format Version 12.00
# Visual Studio Version 17
VisualStudioVersion = 17.0.31903.59
MinimumVisualStudioVersion = 10.0.40219.1
Project("{2150E333-8FDC-42A3-9474-1A3956D46DE8}") = "src", "src", "{5BFB2482-DE1B-417E-B25D-BA144E562E08}"
EndProject
Project("{FAE04EC0-301F-11D3-BF4B-00C04F79EFBC}") = "CB.UserManagement", "src\CB.UserManagement\CB.UserManagement.csproj", "{9196D1CC-A827-4440-8FAE-131D90444B96}"
EndProject
Project("{2150E333-8FDC-42A3-9474-1A3956D46DE8}") = "tests", "tests", "{6942C391-B390-482B-89BC-675CE3563167}"
EndProject
Project("{FAE04EC0-301F-11D3-BF4B-00C04F79EFBC}") = "CB.UserManagement.Tests", "tests\CB.UserManagement.Tests\CB.UserManagement.Tests.csproj", "{D91A11DE-03E2-4AEF-926A-4C1CA8B86748}"
EndProject
Project("{FAE04EC0-301F-11D3-BF4B-00C04F79EFBC}") = "CB.Repository", "src\CB.Repository\CB.Repository.csproj", "{3CB2ACBE-36A5-44D1-9A1E-6598D29D10F3}"
EndProject
Project("{FAE04EC0-301F-11D3-BF4B-00C04F79EFBC}") = "CB.JobListings", "src\CB.JobListings\CB.JobListings.csproj", "{2B1728A4-A04C-4CFE-A1AA-6D357F209F3F}"
EndProject
Global
	GlobalSection(SolutionConfigurationPlatforms) = preSolution
		Debug|Any CPU = Debug|Any CPU
		Release|Any CPU = Release|Any CPU
	EndGlobalSection
	GlobalSection(SolutionProperties) = preSolution
		HideSolutionNode = FALSE
	EndGlobalSection
	GlobalSection(ProjectConfigurationPlatforms) = postSolution
		{9196D1CC-A827-4440-8FAE-131D90444B96}.Debug|Any CPU.ActiveCfg = Debug|Any CPU
		{9196D1CC-A827-4440-8FAE-131D90444B96}.Debug|Any CPU.Build.0 = Debug|Any CPU
		{9196D1CC-A827-4440-8FAE-131D90444B96}.Release|Any CPU.ActiveCfg = Release|Any CPU
		{9196D1CC-A827-4440-8FAE-131D90444B96}.Release|Any CPU.Build.0 = Release|Any CPU
		{D91A11DE-03E2-4AEF-926A-4C1CA8B86748}.Debug|Any CPU.ActiveCfg = Debug|Any CPU
		{D91A11DE-03E2-4AEF-926A-4C1CA8B86748}.Debug|Any CPU.Build.0 = Debug|Any CPU
		{D91A11DE-03E2-4AEF-926A-4C1CA8B86748}.Release|Any CPU.ActiveCfg = Release|Any CPU
		{D91A11DE-03E2-4AEF-926A-4C1CA8B86748}.Release|Any CPU.Build.0 = Release|Any CPU
		{3CB2ACBE-36A5-44D1-9A1E-6598D29D10F3}.Debug|Any CPU.ActiveCfg = Debug|Any CPU
		{3CB2ACBE-36A5-44D1-9A1E-6598D29D10F3}.Debug|Any CPU.Build.0 = Debug|Any CPU
		{3CB2ACBE-36A5-44D1-9A1E-6598D29D10F3}.Release|Any CPU.ActiveCfg = Release|Any CPU
		{3CB2ACBE-36A5-44D1-9A1E-6598D29D10F3}.Release|Any CPU.Build.0 = Release|Any CPU
		{2B1728A4-A04C-4CFE-A1AA-6D357F209F3F}.Debug|Any CPU.ActiveCfg = Debug|Any CPU
		{2B1728A4-A04C-4CFE-A1AA-6D357F209F3F}.Debug|Any CPU.Build.0 = Debug|Any CPU
		{2B1728A4-A04C-4CFE-A1AA-6D357F209F3F}.Release|Any CPU.ActiveCfg = Release|Any CPU
		{2B1728A4-A04C-4CFE-A1AA-6D357F209F3F}.Release|Any CPU.Build.0 = Release|Any CPU
	EndGlobalSection
	GlobalSection(NestedProjects) = preSolution
		{9196D1CC-A827-4440-8FAE-131D90444B96} = {5BFB2482-DE1B-417E-B25D-BA144E562E08}
		{D91A11DE-03E2-4AEF-926A-4C1CA8B86748} = {6942C391-B390-482B-89BC-675CE3563167}
		{3CB2ACBE-36A5-44D1-9A1E-6598D29D10F3} = {5BFB2482-DE1B-417E-B25D-BA144E562E08}
		{2B1728A4-A04C-4CFE-A1AA-6D357F209F3F} = {5BFB2482-DE1B-417E-B25D-BA144E562E08}
	EndGlobalSection
EndGlobal
